
Microsoft Visual Studio Solution File, Format Version 12.00
# Visual Studio 14
VisualStudioVersion = 14.0.25420.1
MinimumVisualStudioVersion = 10.0.40219.1
Project("{FAE04EC0-301F-11D3-BF4B-00C04F79EFBC}") = "DrawCircle", "DrawCircle\DrawCircle.csproj", "{81D9F0AB-53C7-4A27-A323-4F6053B0D934}"
EndProject
Global
	GlobalSection(SolutionConfigurationPlatforms) = preSolution
		Debug|Any CPU = Debug|Any CPU
		Debug|x64 = Debug|x64
		Release|Any CPU = Release|Any CPU
		Release|x64 = Release|x64
	EndGlobalSection
	GlobalSection(ProjectConfigurationPlatforms) = postSolution
		{81D9F0AB-53C7-4A27-A323-4F6053B0D934}.Debug|Any CPU.ActiveCfg = Debug|Any CPU
		{81D9F0AB-53C7-4A27-A323-4F6053B0D934}.Debug|Any CPU.Build.0 = Debug|Any CPU
		{81D9F0AB-53C7-4A27-A323-4F6053B0D934}.Debug|x64.ActiveCfg = Debug|x64
		{81D9F0AB-53C7-4A27-A323-4F6053B0D934}.Debug|x64.Build.0 = Debug|x64
		{81D9F0AB-53C7-4A27-A323-4F6053B0D934}.Release|Any CPU.ActiveCfg = Release|Any CPU
		{81D9F0AB-53C7-4A27-A323-4F6053B0D934}.Release|Any CPU.Build.0 = Release|Any CPU
		{81D9F0AB-53C7-4A27-A323-4F6053B0D934}.Release|x64.ActiveCfg = Release|x64
		{81D9F0AB-53C7-4A27-A323-4F6053B0D934}.Release|x64.Build.0 = Release|x64
	EndGlobalSection
	GlobalSection(SolutionProperties) = preSolution
		HideSolutionNode = FALSE
	EndGlobalSection
EndGlobal
